
Microsoft Visual Studio Solution File, Format Version 12.00
# Visual Studio 14
VisualStudioVersion = 14.0.23107.0
MinimumVisualStudioVersion = 10.0.40219.1
Project("{8BC9CEB8-8B4A-11D0-8D11-00A0C91BC942}") = "leetcodetest", "leetcodetest\leetcodetest.vcxproj", "{DFB850F9-D7A9-4EFD-BC19-3DE0DAB494EA}"
EndProject
Project("{8BC9CEB8-8B4A-11D0-8D11-00A0C91BC942}") = "Add Digits", "Add Digits\Add Digits.vcxproj", "{A6816EE0-E64B-4BF2-8BAD-4F3C4153DD7C}"
EndProject
Project("{8BC9CEB8-8B4A-11D0-8D11-00A0C91BC942}") = "Maximum Depth of Binary Tree", "Maximum Depth of Binary Tree\Maximum Depth of Binary Tree.vcxproj", "{3FB204F5-2462-4E4D-9995-38C97562F72A}"
EndProject
Project("{8BC9CEB8-8B4A-11D0-8D11-00A0C91BC942}") = "Delete Node in a Linked List", "Delete Node in a Linked List\Delete Node in a Linked List.vcxproj", "{6795F4A3-B992-47B5-9DDA-B8ECA26D9A60}"
EndProject
Project("{8BC9CEB8-8B4A-11D0-8D11-00A0C91BC942}") = "Same Tree", "Same Tree\Same Tree.vcxproj", "{59432549-3ED3-42EC-915F-ECA9FE285423}"
EndProject
Project("{8BC9CEB8-8B4A-11D0-8D11-00A0C91BC942}") = "Move Zeroes", "Move Zeroes\Move Zeroes.vcxproj", "{E1F40872-48ED-4E30-91AA-6601510E9DF4}"
EndProject
Project("{8BC9CEB8-8B4A-11D0-8D11-00A0C91BC942}") = "Invert Binary Tree", "Invert Binary Tree\Invert Binary Tree.vcxproj", "{929BDA47-EF07-4CE4-947C-F6F2A955DA76}"
EndProject
Project("{8BC9CEB8-8B4A-11D0-8D11-00A0C91BC942}") = "Number of 1 Bits", "Number of 1 Bits\Number of 1 Bits.vcxproj", "{4617A575-69F5-4B87-933C-ED36B2E3AE40}"
EndProject
Project("{8BC9CEB8-8B4A-11D0-8D11-00A0C91BC942}") = "Contains Duplicate", "Contains Duplicate\Contains Duplicate.vcxproj", "{A8E0FD23-07BE-4FA5-AC39-3B53D1809ADF}"
EndProject
Project("{8BC9CEB8-8B4A-11D0-8D11-00A0C91BC942}") = "Excel Sheet Column Number", "Excel Sheet Column Number\Excel Sheet Column Number.vcxproj", "{8BA37DB8-BD9C-4401-B28E-EB4375D309AE}"
EndProject
Project("{8BC9CEB8-8B4A-11D0-8D11-00A0C91BC942}") = "Majority Element", "Majority Element\Majority Element.vcxproj", "{E7A5CF4B-BA4D-4CA6-9F89-9E7876F11F9D}"
EndProject
Project("{8BC9CEB8-8B4A-11D0-8D11-00A0C91BC942}") = "Valid Anagram", "Valid Anagram\Valid Anagram.vcxproj", "{C753F8CA-080D-4CA0-9077-DE4CDC1E019B}"
EndProject
Project("{8BC9CEB8-8B4A-11D0-8D11-00A0C91BC942}") = "Remove Duplicates from Sorted List", "Remove Duplicates from Sorted List\Remove Duplicates from Sorted List.vcxproj", "{50461127-B095-4982-9B4F-2C55072D14B1}"
EndProject
Project("{8BC9CEB8-8B4A-11D0-8D11-00A0C91BC942}") = "Climbing Stairs", "Climbing Stairs\Climbing Stairs.vcxproj", "{27BB430C-5AA0-4E6B-858D-994D0DE1CC38}"
EndProject
Project("{8BC9CEB8-8B4A-11D0-8D11-00A0C91BC942}") = "Reverse Linked List", "Reverse Linked List\Reverse Linked List.vcxproj", "{15032BCA-1142-4C5D-955E-5B4680FFF461}"
EndProject
Project("{8BC9CEB8-8B4A-11D0-8D11-00A0C91BC942}") = "Implement Queue using Stacks", "Implement Queue using Stacks\Implement Queue using Stacks.vcxproj", "{D3BCEE10-E2AD-41FD-ABEE-3F6D0AB477A1}"
EndProject
Project("{8BC9CEB8-8B4A-11D0-8D11-00A0C91BC942}") = "Merge Two Sorted Lists", "Merge Two Sorted Lists\Merge Two Sorted Lists.vcxproj", "{AB3D8F18-46AE-40AD-A6E0-17730524A207}"
EndProject
Project("{8BC9CEB8-8B4A-11D0-8D11-00A0C91BC942}") = "Happy Number", "Happy Number\Happy Number.vcxproj", "{DE9B2C8B-6882-4A1D-B7E4-81768D28E989}"
EndProject
Project("{8BC9CEB8-8B4A-11D0-8D11-00A0C91BC942}") = "Ugly Number", "Ugly Number\Ugly Number.vcxproj", "{5200D60A-2167-49AE-B2B1-A8B307A6D1E8}"
EndProject
Project("{8BC9CEB8-8B4A-11D0-8D11-00A0C91BC942}") = "Balanced Binary Tree", "Balanced Binary Tree\Balanced Binary Tree.vcxproj", "{57B20AFB-1AF4-4FDA-86BB-B82B09C4B036}"
EndProject
Project("{8BC9CEB8-8B4A-11D0-8D11-00A0C91BC942}") = "Symmetric Tree", "Symmetric Tree\Symmetric Tree.vcxproj", "{5B2994EE-7500-492F-8EE4-ADD5FF2D5916}"
EndProject
Project("{8BC9CEB8-8B4A-11D0-8D11-00A0C91BC942}") = "Remove Element", "Remove Element\Remove Element.vcxproj", "{E89A7FDD-E1A1-47E8-9AA3-F44AA340D75C}"
EndProject
Project("{8BC9CEB8-8B4A-11D0-8D11-00A0C91BC942}") = "Power of Two", "Power of Two\Power of Two.vcxproj", "{1C6BD934-BFC0-4732-8407-28B3DE155D0E}"
EndProject
Project("{8BC9CEB8-8B4A-11D0-8D11-00A0C91BC942}") = "Remove Duplicates from Sorted Array", "Remove Duplicates from Sorted Array\Remove Duplicates from Sorted Array.vcxproj", "{26E5B255-C2DD-4F0B-99A3-D844D9EBBB10}"
EndProject
Project("{8BC9CEB8-8B4A-11D0-8D11-00A0C91BC942}") = "Plus One", "Plus One\Plus One.vcxproj", "{01DA81A4-7803-4082-9CC7-8FDDDF00809B}"
EndProject
Project("{8BC9CEB8-8B4A-11D0-8D11-00A0C91BC942}") = "Pascal's Triangle", "Pascal's Triangle\Pascal's Triangle.vcxproj", "{F47A45B3-F0DE-4881-AE85-4FDCDBD70E06}"
EndProject
Project("{8BC9CEB8-8B4A-11D0-8D11-00A0C91BC942}") = "Implement Stack using Queues", "Implement Stack using Queues\Implement Stack using Queues.vcxproj", "{6A26B4B9-31D7-42E1-ADF4-6E4C490ACD47}"
EndProject
Project("{8BC9CEB8-8B4A-11D0-8D11-00A0C91BC942}") = "Path Sum", "Path Sum\Path Sum.vcxproj", "{C332DC9D-1D0F-463F-9652-0F59645EBC99}"
EndProject
Project("{8BC9CEB8-8B4A-11D0-8D11-00A0C91BC942}") = "Pascal's Triangle II", "Pascal's Triangle II\Pascal's Triangle II.vcxproj", "{106EBCB9-7253-4A54-AA32-2B0F0A3822C7}"
EndProject
Project("{8BC9CEB8-8B4A-11D0-8D11-00A0C91BC942}") = "Minimum Depth of Binary Tree", "Minimum Depth of Binary Tree\Minimum Depth of Binary Tree.vcxproj", "{174D5B43-EB3F-4AA1-AE92-C6E6DE1CBEDC}"
EndProject
Project("{8BC9CEB8-8B4A-11D0-8D11-00A0C91BC942}") = "Reverse Bits", "Reverse Bits\Reverse Bits.vcxproj", "{354A1276-1099-4FFE-B925-EF0E6A30882E}"
EndProject
Project("{8BC9CEB8-8B4A-11D0-8D11-00A0C91BC942}") = "Merge Sorted Array", "Merge Sorted Array\Merge Sorted Array.vcxproj", "{0A49AF8D-E4C3-41F9-ADD6-05EF89F9CF0C}"
EndProject
Project("{8BC9CEB8-8B4A-11D0-8D11-00A0C91BC942}") = "Length of Last Word", "Length of Last Word\Length of Last Word.vcxproj", "{F02D2EE9-498A-4C57-BA59-99EB007B670D}"
EndProject
Project("{8BC9CEB8-8B4A-11D0-8D11-00A0C91BC942}") = "Word Pattern", "Word Pattern\Word Pattern.vcxproj", "{B7767B07-E72A-4B32-A2CA-F7E7797CBC4E}"
EndProject
Project("{8BC9CEB8-8B4A-11D0-8D11-00A0C91BC942}") = "Remove Nth Node From End of List", "Remove Nth Node From End of List\Remove Nth Node From End of List.vcxproj", "{4211051A-40AD-4A9C-8C81-BD6C6DA14208}"
EndProject
Project("{8BC9CEB8-8B4A-11D0-8D11-00A0C91BC942}") = "Rectangle Area", "Rectangle Area\Rectangle Area.vcxproj", "{8ED0ABCB-B0EA-41CC-9DD6-252E0AD76E76}"
EndProject
Project("{8BC9CEB8-8B4A-11D0-8D11-00A0C91BC942}") = "Remove Linked List Elements", "Remove Linked List Elements\Remove Linked List Elements.vcxproj", "{06493A3B-F55C-452B-9A63-508AA0B930D6}"
EndProject
Project("{8BC9CEB8-8B4A-11D0-8D11-00A0C91BC942}") = "Add Binary", "Add Binary\Add Binary.vcxproj", "{3E65D115-B51D-475F-B9CD-5B872544C67F}"
EndProject
Project("{8BC9CEB8-8B4A-11D0-8D11-00A0C91BC942}") = "Reverse Integer", "Reverse Integer\Reverse Integer.vcxproj", "{DE7A1B84-7176-45F2-82AB-62DB5A0132C7}"
EndProject
Project("{8BC9CEB8-8B4A-11D0-8D11-00A0C91BC942}") = "Summary Ranges", "Summary Ranges\Summary Ranges.vcxproj", "{A091E65B-EEEC-40F9-9A08-577D340E2CBC}"
EndProject
Project("{8BC9CEB8-8B4A-11D0-8D11-00A0C91BC942}") = "Kth Largest Element in an Array", "Kth Largest Element in an Array\Kth Largest Element in an Array.vcxproj", "{62D11B6D-5B2E-4F14-8D96-AE4CD8B9C55E}"
EndProject
Project("{8BC9CEB8-8B4A-11D0-8D11-00A0C91BC942}") = "String to Integer (atoi)", "String to Integer (atoi)\String to Integer (atoi).vcxproj", "{FA1BA2AA-00B7-4014-BAEA-70FC1ABE806C}"
EndProject
Project("{8BC9CEB8-8B4A-11D0-8D11-00A0C91BC942}") = "Single Number", "Single Number\Single Number.vcxproj", "{CDF439FF-7023-44E2-B1E1-348CA53896B6}"
EndProject
Project("{8BC9CEB8-8B4A-11D0-8D11-00A0C91BC942}") = "Best Time to Buy and Sell Stock II", "Best Time to Buy and Sell Stock II\Best Time to Buy and Sell Stock II.vcxproj", "{FB6BC4A2-CA7A-46A8-9F42-308EC3C59B2D}"
EndProject
Project("{8BC9CEB8-8B4A-11D0-8D11-00A0C91BC942}") = "Single Number III", "Single Number III\Single Number III.vcxproj", "{B8C22252-447E-4EB6-A189-8D2E77EDAAC4}"
EndProject
Project("{8BC9CEB8-8B4A-11D0-8D11-00A0C91BC942}") = "Binary Tree Preorder Traversal", "Binary Tree Preorder Traversal\Binary Tree Preorder Traversal.vcxproj", "{91476084-40B7-4A67-9C37-E6CA29177FEC}"
EndProject
Project("{8BC9CEB8-8B4A-11D0-8D11-00A0C91BC942}") = "Linked List Cycle", "Linked List Cycle\Linked List Cycle.vcxproj", "{8B21DAEB-E25D-4146-BE64-162AC66D6442}"
EndProject
Project("{8BC9CEB8-8B4A-11D0-8D11-00A0C91BC942}") = "Search Insert Position", "Search Insert Position\Search Insert Position.vcxproj", "{F652BA56-F0E1-47F6-B37F-4EB2618C9728}"
EndProject
Project("{8BC9CEB8-8B4A-11D0-8D11-00A0C91BC942}") = "Missing Number", "Missing Number\Missing Number.vcxproj", "{981E9BF3-7056-4B0D-B097-ACD6B62DF8E1}"
EndProject
Project("{8BC9CEB8-8B4A-11D0-8D11-00A0C91BC942}") = "Maximum Subarray", "Maximum Subarray\Maximum Subarray.vcxproj", "{0DB99D2B-94B5-4094-AA23-81D2C11EA779}"
EndProject
Project("{8BC9CEB8-8B4A-11D0-8D11-00A0C91BC942}") = "Sort Colors", "Sort Colors\Sort Colors.vcxproj", "{ADED465D-3334-46E2-87E2-5B1B7B3F36ED}"
EndProject
Global
	GlobalSection(SolutionConfigurationPlatforms) = preSolution
		Debug|x64 = Debug|x64
		Debug|x86 = Debug|x86
		Release|x64 = Release|x64
		Release|x86 = Release|x86
	EndGlobalSection
	GlobalSection(ProjectConfigurationPlatforms) = postSolution
		{DFB850F9-D7A9-4EFD-BC19-3DE0DAB494EA}.Debug|x64.ActiveCfg = Debug|x64
		{DFB850F9-D7A9-4EFD-BC19-3DE0DAB494EA}.Debug|x64.Build.0 = Debug|x64
		{DFB850F9-D7A9-4EFD-BC19-3DE0DAB494EA}.Debug|x86.ActiveCfg = Debug|Win32
		{DFB850F9-D7A9-4EFD-BC19-3DE0DAB494EA}.Debug|x86.Build.0 = Debug|Win32
		{DFB850F9-D7A9-4EFD-BC19-3DE0DAB494EA}.Release|x64.ActiveCfg = Release|x64
		{DFB850F9-D7A9-4EFD-BC19-3DE0DAB494EA}.Release|x64.Build.0 = Release|x64
		{DFB850F9-D7A9-4EFD-BC19-3DE0DAB494EA}.Release|x86.ActiveCfg = Release|Win32
		{DFB850F9-D7A9-4EFD-BC19-3DE0DAB494EA}.Release|x86.Build.0 = Release|Win32
		{A6816EE0-E64B-4BF2-8BAD-4F3C4153DD7C}.Debug|x64.ActiveCfg = Debug|x64
		{A6816EE0-E64B-4BF2-8BAD-4F3C4153DD7C}.Debug|x64.Build.0 = Debug|x64
		{A6816EE0-E64B-4BF2-8BAD-4F3C4153DD7C}.Debug|x86.ActiveCfg = Debug|Win32
		{A6816EE0-E64B-4BF2-8BAD-4F3C4153DD7C}.Debug|x86.Build.0 = Debug|Win32
		{A6816EE0-E64B-4BF2-8BAD-4F3C4153DD7C}.Release|x64.ActiveCfg = Release|x64
		{A6816EE0-E64B-4BF2-8BAD-4F3C4153DD7C}.Release|x64.Build.0 = Release|x64
		{A6816EE0-E64B-4BF2-8BAD-4F3C4153DD7C}.Release|x86.ActiveCfg = Release|Win32
		{A6816EE0-E64B-4BF2-8BAD-4F3C4153DD7C}.Release|x86.Build.0 = Release|Win32
		{3FB204F5-2462-4E4D-9995-38C97562F72A}.Debug|x64.ActiveCfg = Debug|x64
		{3FB204F5-2462-4E4D-9995-38C97562F72A}.Debug|x64.Build.0 = Debug|x64
		{3FB204F5-2462-4E4D-9995-38C97562F72A}.Debug|x86.ActiveCfg = Debug|Win32
		{3FB204F5-2462-4E4D-9995-38C97562F72A}.Debug|x86.Build.0 = Debug|Win32
		{3FB204F5-2462-4E4D-9995-38C97562F72A}.Release|x64.ActiveCfg = Release|x64
		{3FB204F5-2462-4E4D-9995-38C97562F72A}.Release|x64.Build.0 = Release|x64
		{3FB204F5-2462-4E4D-9995-38C97562F72A}.Release|x86.ActiveCfg = Release|Win32
		{3FB204F5-2462-4E4D-9995-38C97562F72A}.Release|x86.Build.0 = Release|Win32
		{6795F4A3-B992-47B5-9DDA-B8ECA26D9A60}.Debug|x64.ActiveCfg = Debug|x64
		{6795F4A3-B992-47B5-9DDA-B8ECA26D9A60}.Debug|x64.Build.0 = Debug|x64
		{6795F4A3-B992-47B5-9DDA-B8ECA26D9A60}.Debug|x86.ActiveCfg = Debug|Win32
		{6795F4A3-B992-47B5-9DDA-B8ECA26D9A60}.Debug|x86.Build.0 = Debug|Win32
		{6795F4A3-B992-47B5-9DDA-B8ECA26D9A60}.Release|x64.ActiveCfg = Release|x64
		{6795F4A3-B992-47B5-9DDA-B8ECA26D9A60}.Release|x64.Build.0 = Release|x64
		{6795F4A3-B992-47B5-9DDA-B8ECA26D9A60}.Release|x86.ActiveCfg = Release|Win32
		{6795F4A3-B992-47B5-9DDA-B8ECA26D9A60}.Release|x86.Build.0 = Release|Win32
		{59432549-3ED3-42EC-915F-ECA9FE285423}.Debug|x64.ActiveCfg = Debug|x64
		{59432549-3ED3-42EC-915F-ECA9FE285423}.Debug|x64.Build.0 = Debug|x64
		{59432549-3ED3-42EC-915F-ECA9FE285423}.Debug|x86.ActiveCfg = Debug|Win32
		{59432549-3ED3-42EC-915F-ECA9FE285423}.Debug|x86.Build.0 = Debug|Win32
		{59432549-3ED3-42EC-915F-ECA9FE285423}.Release|x64.ActiveCfg = Release|x64
		{59432549-3ED3-42EC-915F-ECA9FE285423}.Release|x64.Build.0 = Release|x64
		{59432549-3ED3-42EC-915F-ECA9FE285423}.Release|x86.ActiveCfg = Release|Win32
		{59432549-3ED3-42EC-915F-ECA9FE285423}.Release|x86.Build.0 = Release|Win32
		{E1F40872-48ED-4E30-91AA-6601510E9DF4}.Debug|x64.ActiveCfg = Debug|x64
		{E1F40872-48ED-4E30-91AA-6601510E9DF4}.Debug|x64.Build.0 = Debug|x64
		{E1F40872-48ED-4E30-91AA-6601510E9DF4}.Debug|x86.ActiveCfg = Debug|Win32
		{E1F40872-48ED-4E30-91AA-6601510E9DF4}.Debug|x86.Build.0 = Debug|Win32
		{E1F40872-48ED-4E30-91AA-6601510E9DF4}.Release|x64.ActiveCfg = Release|x64
		{E1F40872-48ED-4E30-91AA-6601510E9DF4}.Release|x64.Build.0 = Release|x64
		{E1F40872-48ED-4E30-91AA-6601510E9DF4}.Release|x86.ActiveCfg = Release|Win32
		{E1F40872-48ED-4E30-91AA-6601510E9DF4}.Release|x86.Build.0 = Release|Win32
		{929BDA47-EF07-4CE4-947C-F6F2A955DA76}.Debug|x64.ActiveCfg = Debug|x64
		{929BDA47-EF07-4CE4-947C-F6F2A955DA76}.Debug|x64.Build.0 = Debug|x64
		{929BDA47-EF07-4CE4-947C-F6F2A955DA76}.Debug|x86.ActiveCfg = Debug|Win32
		{929BDA47-EF07-4CE4-947C-F6F2A955DA76}.Debug|x86.Build.0 = Debug|Win32
		{929BDA47-EF07-4CE4-947C-F6F2A955DA76}.Release|x64.ActiveCfg = Release|x64
		{929BDA47-EF07-4CE4-947C-F6F2A955DA76}.Release|x64.Build.0 = Release|x64
		{929BDA47-EF07-4CE4-947C-F6F2A955DA76}.Release|x86.ActiveCfg = Release|Win32
		{929BDA47-EF07-4CE4-947C-F6F2A955DA76}.Release|x86.Build.0 = Release|Win32
		{4617A575-69F5-4B87-933C-ED36B2E3AE40}.Debug|x64.ActiveCfg = Debug|x64
		{4617A575-69F5-4B87-933C-ED36B2E3AE40}.Debug|x64.Build.0 = Debug|x64
		{4617A575-69F5-4B87-933C-ED36B2E3AE40}.Debug|x86.ActiveCfg = Debug|Win32
		{4617A575-69F5-4B87-933C-ED36B2E3AE40}.Debug|x86.Build.0 = Debug|Win32
		{4617A575-69F5-4B87-933C-ED36B2E3AE40}.Release|x64.ActiveCfg = Release|x64
		{4617A575-69F5-4B87-933C-ED36B2E3AE40}.Release|x64.Build.0 = Release|x64
		{4617A575-69F5-4B87-933C-ED36B2E3AE40}.Release|x86.ActiveCfg = Release|Win32
		{4617A575-69F5-4B87-933C-ED36B2E3AE40}.Release|x86.Build.0 = Release|Win32
		{A8E0FD23-07BE-4FA5-AC39-3B53D1809ADF}.Debug|x64.ActiveCfg = Debug|x64
		{A8E0FD23-07BE-4FA5-AC39-3B53D1809ADF}.Debug|x64.Build.0 = Debug|x64
		{A8E0FD23-07BE-4FA5-AC39-3B53D1809ADF}.Debug|x86.ActiveCfg = Debug|Win32
		{A8E0FD23-07BE-4FA5-AC39-3B53D1809ADF}.Debug|x86.Build.0 = Debug|Win32
		{A8E0FD23-07BE-4FA5-AC39-3B53D1809ADF}.Release|x64.ActiveCfg = Release|x64
		{A8E0FD23-07BE-4FA5-AC39-3B53D1809ADF}.Release|x64.Build.0 = Release|x64
		{A8E0FD23-07BE-4FA5-AC39-3B53D1809ADF}.Release|x86.ActiveCfg = Release|Win32
		{A8E0FD23-07BE-4FA5-AC39-3B53D1809ADF}.Release|x86.Build.0 = Release|Win32
		{8BA37DB8-BD9C-4401-B28E-EB4375D309AE}.Debug|x64.ActiveCfg = Debug|x64
		{8BA37DB8-BD9C-4401-B28E-EB4375D309AE}.Debug|x64.Build.0 = Debug|x64
		{8BA37DB8-BD9C-4401-B28E-EB4375D309AE}.Debug|x86.ActiveCfg = Debug|Win32
		{8BA37DB8-BD9C-4401-B28E-EB4375D309AE}.Debug|x86.Build.0 = Debug|Win32
		{8BA37DB8-BD9C-4401-B28E-EB4375D309AE}.Release|x64.ActiveCfg = Release|x64
		{8BA37DB8-BD9C-4401-B28E-EB4375D309AE}.Release|x64.Build.0 = Release|x64
		{8BA37DB8-BD9C-4401-B28E-EB4375D309AE}.Release|x86.ActiveCfg = Release|Win32
		{8BA37DB8-BD9C-4401-B28E-EB4375D309AE}.Release|x86.Build.0 = Release|Win32
		{E7A5CF4B-BA4D-4CA6-9F89-9E7876F11F9D}.Debug|x64.ActiveCfg = Debug|x64
		{E7A5CF4B-BA4D-4CA6-9F89-9E7876F11F9D}.Debug|x64.Build.0 = Debug|x64
		{E7A5CF4B-BA4D-4CA6-9F89-9E7876F11F9D}.Debug|x86.ActiveCfg = Debug|Win32
		{E7A5CF4B-BA4D-4CA6-9F89-9E7876F11F9D}.Debug|x86.Build.0 = Debug|Win32
		{E7A5CF4B-BA4D-4CA6-9F89-9E7876F11F9D}.Release|x64.ActiveCfg = Release|x64
		{E7A5CF4B-BA4D-4CA6-9F89-9E7876F11F9D}.Release|x64.Build.0 = Release|x64
		{E7A5CF4B-BA4D-4CA6-9F89-9E7876F11F9D}.Release|x86.ActiveCfg = Release|Win32
		{E7A5CF4B-BA4D-4CA6-9F89-9E7876F11F9D}.Release|x86.Build.0 = Release|Win32
		{C753F8CA-080D-4CA0-9077-DE4CDC1E019B}.Debug|x64.ActiveCfg = Debug|x64
		{C753F8CA-080D-4CA0-9077-DE4CDC1E019B}.Debug|x64.Build.0 = Debug|x64
		{C753F8CA-080D-4CA0-9077-DE4CDC1E019B}.Debug|x86.ActiveCfg = Debug|Win32
		{C753F8CA-080D-4CA0-9077-DE4CDC1E019B}.Debug|x86.Build.0 = Debug|Win32
		{C753F8CA-080D-4CA0-9077-DE4CDC1E019B}.Release|x64.ActiveCfg = Release|x64
		{C753F8CA-080D-4CA0-9077-DE4CDC1E019B}.Release|x64.Build.0 = Release|x64
		{C753F8CA-080D-4CA0-9077-DE4CDC1E019B}.Release|x86.ActiveCfg = Release|Win32
		{C753F8CA-080D-4CA0-9077-DE4CDC1E019B}.Release|x86.Build.0 = Release|Win32
		{50461127-B095-4982-9B4F-2C55072D14B1}.Debug|x64.ActiveCfg = Debug|x64
		{50461127-B095-4982-9B4F-2C55072D14B1}.Debug|x64.Build.0 = Debug|x64
		{50461127-B095-4982-9B4F-2C55072D14B1}.Debug|x86.ActiveCfg = Debug|Win32
		{50461127-B095-4982-9B4F-2C55072D14B1}.Debug|x86.Build.0 = Debug|Win32
		{50461127-B095-4982-9B4F-2C55072D14B1}.Release|x64.ActiveCfg = Release|x64
		{50461127-B095-4982-9B4F-2C55072D14B1}.Release|x64.Build.0 = Release|x64
		{50461127-B095-4982-9B4F-2C55072D14B1}.Release|x86.ActiveCfg = Release|Win32
		{50461127-B095-4982-9B4F-2C55072D14B1}.Release|x86.Build.0 = Release|Win32
		{27BB430C-5AA0-4E6B-858D-994D0DE1CC38}.Debug|x64.ActiveCfg = Debug|x64
		{27BB430C-5AA0-4E6B-858D-994D0DE1CC38}.Debug|x64.Build.0 = Debug|x64
		{27BB430C-5AA0-4E6B-858D-994D0DE1CC38}.Debug|x86.ActiveCfg = Debug|Win32
		{27BB430C-5AA0-4E6B-858D-994D0DE1CC38}.Debug|x86.Build.0 = Debug|Win32
		{27BB430C-5AA0-4E6B-858D-994D0DE1CC38}.Release|x64.ActiveCfg = Release|x64
		{27BB430C-5AA0-4E6B-858D-994D0DE1CC38}.Release|x64.Build.0 = Release|x64
		{27BB430C-5AA0-4E6B-858D-994D0DE1CC38}.Release|x86.ActiveCfg = Release|Win32
		{27BB430C-5AA0-4E6B-858D-994D0DE1CC38}.Release|x86.Build.0 = Release|Win32
		{15032BCA-1142-4C5D-955E-5B4680FFF461}.Debug|x64.ActiveCfg = Debug|x64
		{15032BCA-1142-4C5D-955E-5B4680FFF461}.Debug|x64.Build.0 = Debug|x64
		{15032BCA-1142-4C5D-955E-5B4680FFF461}.Debug|x86.ActiveCfg = Debug|Win32
		{15032BCA-1142-4C5D-955E-5B4680FFF461}.Debug|x86.Build.0 = Debug|Win32
		{15032BCA-1142-4C5D-955E-5B4680FFF461}.Release|x64.ActiveCfg = Release|x64
		{15032BCA-1142-4C5D-955E-5B4680FFF461}.Release|x64.Build.0 = Release|x64
		{15032BCA-1142-4C5D-955E-5B4680FFF461}.Release|x86.ActiveCfg = Release|Win32
		{15032BCA-1142-4C5D-955E-5B4680FFF461}.Release|x86.Build.0 = Release|Win32
		{D3BCEE10-E2AD-41FD-ABEE-3F6D0AB477A1}.Debug|x64.ActiveCfg = Debug|x64
		{D3BCEE10-E2AD-41FD-ABEE-3F6D0AB477A1}.Debug|x64.Build.0 = Debug|x64
		{D3BCEE10-E2AD-41FD-ABEE-3F6D0AB477A1}.Debug|x86.ActiveCfg = Debug|Win32
		{D3BCEE10-E2AD-41FD-ABEE-3F6D0AB477A1}.Debug|x86.Build.0 = Debug|Win32
		{D3BCEE10-E2AD-41FD-ABEE-3F6D0AB477A1}.Release|x64.ActiveCfg = Release|x64
		{D3BCEE10-E2AD-41FD-ABEE-3F6D0AB477A1}.Release|x64.Build.0 = Release|x64
		{D3BCEE10-E2AD-41FD-ABEE-3F6D0AB477A1}.Release|x86.ActiveCfg = Release|Win32
		{D3BCEE10-E2AD-41FD-ABEE-3F6D0AB477A1}.Release|x86.Build.0 = Release|Win32
		{AB3D8F18-46AE-40AD-A6E0-17730524A207}.Debug|x64.ActiveCfg = Debug|x64
		{AB3D8F18-46AE-40AD-A6E0-17730524A207}.Debug|x64.Build.0 = Debug|x64
		{AB3D8F18-46AE-40AD-A6E0-17730524A207}.Debug|x86.ActiveCfg = Debug|Win32
		{AB3D8F18-46AE-40AD-A6E0-17730524A207}.Debug|x86.Build.0 = Debug|Win32
		{AB3D8F18-46AE-40AD-A6E0-17730524A207}.Release|x64.ActiveCfg = Release|x64
		{AB3D8F18-46AE-40AD-A6E0-17730524A207}.Release|x64.Build.0 = Release|x64
		{AB3D8F18-46AE-40AD-A6E0-17730524A207}.Release|x86.ActiveCfg = Release|Win32
		{AB3D8F18-46AE-40AD-A6E0-17730524A207}.Release|x86.Build.0 = Release|Win32
		{DE9B2C8B-6882-4A1D-B7E4-81768D28E989}.Debug|x64.ActiveCfg = Debug|x64
		{DE9B2C8B-6882-4A1D-B7E4-81768D28E989}.Debug|x64.Build.0 = Debug|x64
		{DE9B2C8B-6882-4A1D-B7E4-81768D28E989}.Debug|x86.ActiveCfg = Debug|Win32
		{DE9B2C8B-6882-4A1D-B7E4-81768D28E989}.Debug|x86.Build.0 = Debug|Win32
		{DE9B2C8B-6882-4A1D-B7E4-81768D28E989}.Release|x64.ActiveCfg = Release|x64
		{DE9B2C8B-6882-4A1D-B7E4-81768D28E989}.Release|x64.Build.0 = Release|x64
		{DE9B2C8B-6882-4A1D-B7E4-81768D28E989}.Release|x86.ActiveCfg = Release|Win32
		{DE9B2C8B-6882-4A1D-B7E4-81768D28E989}.Release|x86.Build.0 = Release|Win32
		{5200D60A-2167-49AE-B2B1-A8B307A6D1E8}.Debug|x64.ActiveCfg = Debug|x64
		{5200D60A-2167-49AE-B2B1-A8B307A6D1E8}.Debug|x64.Build.0 = Debug|x64
		{5200D60A-2167-49AE-B2B1-A8B307A6D1E8}.Debug|x86.ActiveCfg = Debug|Win32
		{5200D60A-2167-49AE-B2B1-A8B307A6D1E8}.Debug|x86.Build.0 = Debug|Win32
		{5200D60A-2167-49AE-B2B1-A8B307A6D1E8}.Release|x64.ActiveCfg = Release|x64
		{5200D60A-2167-49AE-B2B1-A8B307A6D1E8}.Release|x64.Build.0 = Release|x64
		{5200D60A-2167-49AE-B2B1-A8B307A6D1E8}.Release|x86.ActiveCfg = Release|Win32
		{5200D60A-2167-49AE-B2B1-A8B307A6D1E8}.Release|x86.Build.0 = Release|Win32
		{57B20AFB-1AF4-4FDA-86BB-B82B09C4B036}.Debug|x64.ActiveCfg = Debug|x64
		{57B20AFB-1AF4-4FDA-86BB-B82B09C4B036}.Debug|x64.Build.0 = Debug|x64
		{57B20AFB-1AF4-4FDA-86BB-B82B09C4B036}.Debug|x86.ActiveCfg = Debug|Win32
		{57B20AFB-1AF4-4FDA-86BB-B82B09C4B036}.Debug|x86.Build.0 = Debug|Win32
		{57B20AFB-1AF4-4FDA-86BB-B82B09C4B036}.Release|x64.ActiveCfg = Release|x64
		{57B20AFB-1AF4-4FDA-86BB-B82B09C4B036}.Release|x64.Build.0 = Release|x64
		{57B20AFB-1AF4-4FDA-86BB-B82B09C4B036}.Release|x86.ActiveCfg = Release|Win32
		{57B20AFB-1AF4-4FDA-86BB-B82B09C4B036}.Release|x86.Build.0 = Release|Win32
		{5B2994EE-7500-492F-8EE4-ADD5FF2D5916}.Debug|x64.ActiveCfg = Debug|x64
		{5B2994EE-7500-492F-8EE4-ADD5FF2D5916}.Debug|x64.Build.0 = Debug|x64
		{5B2994EE-7500-492F-8EE4-ADD5FF2D5916}.Debug|x86.ActiveCfg = Debug|Win32
		{5B2994EE-7500-492F-8EE4-ADD5FF2D5916}.Debug|x86.Build.0 = Debug|Win32
		{5B2994EE-7500-492F-8EE4-ADD5FF2D5916}.Release|x64.ActiveCfg = Release|x64
		{5B2994EE-7500-492F-8EE4-ADD5FF2D5916}.Release|x64.Build.0 = Release|x64
		{5B2994EE-7500-492F-8EE4-ADD5FF2D5916}.Release|x86.ActiveCfg = Release|Win32
		{5B2994EE-7500-492F-8EE4-ADD5FF2D5916}.Release|x86.Build.0 = Release|Win32
		{E89A7FDD-E1A1-47E8-9AA3-F44AA340D75C}.Debug|x64.ActiveCfg = Debug|x64
		{E89A7FDD-E1A1-47E8-9AA3-F44AA340D75C}.Debug|x64.Build.0 = Debug|x64
		{E89A7FDD-E1A1-47E8-9AA3-F44AA340D75C}.Debug|x86.ActiveCfg = Debug|Win32
		{E89A7FDD-E1A1-47E8-9AA3-F44AA340D75C}.Debug|x86.Build.0 = Debug|Win32
		{E89A7FDD-E1A1-47E8-9AA3-F44AA340D75C}.Release|x64.ActiveCfg = Release|x64
		{E89A7FDD-E1A1-47E8-9AA3-F44AA340D75C}.Release|x64.Build.0 = Release|x64
		{E89A7FDD-E1A1-47E8-9AA3-F44AA340D75C}.Release|x86.ActiveCfg = Release|Win32
		{E89A7FDD-E1A1-47E8-9AA3-F44AA340D75C}.Release|x86.Build.0 = Release|Win32
		{1C6BD934-BFC0-4732-8407-28B3DE155D0E}.Debug|x64.ActiveCfg = Debug|x64
		{1C6BD934-BFC0-4732-8407-28B3DE155D0E}.Debug|x64.Build.0 = Debug|x64
		{1C6BD934-BFC0-4732-8407-28B3DE155D0E}.Debug|x86.ActiveCfg = Debug|Win32
		{1C6BD934-BFC0-4732-8407-28B3DE155D0E}.Debug|x86.Build.0 = Debug|Win32
		{1C6BD934-BFC0-4732-8407-28B3DE155D0E}.Release|x64.ActiveCfg = Release|x64
		{1C6BD934-BFC0-4732-8407-28B3DE155D0E}.Release|x64.Build.0 = Release|x64
		{1C6BD934-BFC0-4732-8407-28B3DE155D0E}.Release|x86.ActiveCfg = Release|Win32
		{1C6BD934-BFC0-4732-8407-28B3DE155D0E}.Release|x86.Build.0 = Release|Win32
		{26E5B255-C2DD-4F0B-99A3-D844D9EBBB10}.Debug|x64.ActiveCfg = Debug|x64
		{26E5B255-C2DD-4F0B-99A3-D844D9EBBB10}.Debug|x64.Build.0 = Debug|x64
		{26E5B255-C2DD-4F0B-99A3-D844D9EBBB10}.Debug|x86.ActiveCfg = Debug|Win32
		{26E5B255-C2DD-4F0B-99A3-D844D9EBBB10}.Debug|x86.Build.0 = Debug|Win32
		{26E5B255-C2DD-4F0B-99A3-D844D9EBBB10}.Release|x64.ActiveCfg = Release|x64
		{26E5B255-C2DD-4F0B-99A3-D844D9EBBB10}.Release|x64.Build.0 = Release|x64
		{26E5B255-C2DD-4F0B-99A3-D844D9EBBB10}.Release|x86.ActiveCfg = Release|Win32
		{26E5B255-C2DD-4F0B-99A3-D844D9EBBB10}.Release|x86.Build.0 = Release|Win32
		{01DA81A4-7803-4082-9CC7-8FDDDF00809B}.Debug|x64.ActiveCfg = Debug|x64
		{01DA81A4-7803-4082-9CC7-8FDDDF00809B}.Debug|x64.Build.0 = Debug|x64
		{01DA81A4-7803-4082-9CC7-8FDDDF00809B}.Debug|x86.ActiveCfg = Debug|Win32
		{01DA81A4-7803-4082-9CC7-8FDDDF00809B}.Debug|x86.Build.0 = Debug|Win32
		{01DA81A4-7803-4082-9CC7-8FDDDF00809B}.Release|x64.ActiveCfg = Release|x64
		{01DA81A4-7803-4082-9CC7-8FDDDF00809B}.Release|x64.Build.0 = Release|x64
		{01DA81A4-7803-4082-9CC7-8FDDDF00809B}.Release|x86.ActiveCfg = Release|Win32
		{01DA81A4-7803-4082-9CC7-8FDDDF00809B}.Release|x86.Build.0 = Release|Win32
		{F47A45B3-F0DE-4881-AE85-4FDCDBD70E06}.Debug|x64.ActiveCfg = Debug|x64
		{F47A45B3-F0DE-4881-AE85-4FDCDBD70E06}.Debug|x64.Build.0 = Debug|x64
		{F47A45B3-F0DE-4881-AE85-4FDCDBD70E06}.Debug|x86.ActiveCfg = Debug|Win32
		{F47A45B3-F0DE-4881-AE85-4FDCDBD70E06}.Debug|x86.Build.0 = Debug|Win32
		{F47A45B3-F0DE-4881-AE85-4FDCDBD70E06}.Release|x64.ActiveCfg = Release|x64
		{F47A45B3-F0DE-4881-AE85-4FDCDBD70E06}.Release|x64.Build.0 = Release|x64
		{F47A45B3-F0DE-4881-AE85-4FDCDBD70E06}.Release|x86.ActiveCfg = Release|Win32
		{F47A45B3-F0DE-4881-AE85-4FDCDBD70E06}.Release|x86.Build.0 = Release|Win32
		{6A26B4B9-31D7-42E1-ADF4-6E4C490ACD47}.Debug|x64.ActiveCfg = Debug|x64
		{6A26B4B9-31D7-42E1-ADF4-6E4C490ACD47}.Debug|x64.Build.0 = Debug|x64
		{6A26B4B9-31D7-42E1-ADF4-6E4C490ACD47}.Debug|x86.ActiveCfg = Debug|Win32
		{6A26B4B9-31D7-42E1-ADF4-6E4C490ACD47}.Debug|x86.Build.0 = Debug|Win32
		{6A26B4B9-31D7-42E1-ADF4-6E4C490ACD47}.Release|x64.ActiveCfg = Release|x64
		{6A26B4B9-31D7-42E1-ADF4-6E4C490ACD47}.Release|x64.Build.0 = Release|x64
		{6A26B4B9-31D7-42E1-ADF4-6E4C490ACD47}.Release|x86.ActiveCfg = Release|Win32
		{6A26B4B9-31D7-42E1-ADF4-6E4C490ACD47}.Release|x86.Build.0 = Release|Win32
		{C332DC9D-1D0F-463F-9652-0F59645EBC99}.Debug|x64.ActiveCfg = Debug|x64
		{C332DC9D-1D0F-463F-9652-0F59645EBC99}.Debug|x64.Build.0 = Debug|x64
		{C332DC9D-1D0F-463F-9652-0F59645EBC99}.Debug|x86.ActiveCfg = Debug|Win32
		{C332DC9D-1D0F-463F-9652-0F59645EBC99}.Debug|x86.Build.0 = Debug|Win32
		{C332DC9D-1D0F-463F-9652-0F59645EBC99}.Release|x64.ActiveCfg = Release|x64
		{C332DC9D-1D0F-463F-9652-0F59645EBC99}.Release|x64.Build.0 = Release|x64
		{C332DC9D-1D0F-463F-9652-0F59645EBC99}.Release|x86.ActiveCfg = Release|Win32
		{C332DC9D-1D0F-463F-9652-0F59645EBC99}.Release|x86.Build.0 = Release|Win32
		{106EBCB9-7253-4A54-AA32-2B0F0A3822C7}.Debug|x64.ActiveCfg = Debug|x64
		{106EBCB9-7253-4A54-AA32-2B0F0A3822C7}.Debug|x64.Build.0 = Debug|x64
		{106EBCB9-7253-4A54-AA32-2B0F0A3822C7}.Debug|x86.ActiveCfg = Debug|Win32
		{106EBCB9-7253-4A54-AA32-2B0F0A3822C7}.Debug|x86.Build.0 = Debug|Win32
		{106EBCB9-7253-4A54-AA32-2B0F0A3822C7}.Release|x64.ActiveCfg = Release|x64
		{106EBCB9-7253-4A54-AA32-2B0F0A3822C7}.Release|x64.Build.0 = Release|x64
		{106EBCB9-7253-4A54-AA32-2B0F0A3822C7}.Release|x86.ActiveCfg = Release|Win32
		{106EBCB9-7253-4A54-AA32-2B0F0A3822C7}.Release|x86.Build.0 = Release|Win32
		{174D5B43-EB3F-4AA1-AE92-C6E6DE1CBEDC}.Debug|x64.ActiveCfg = Debug|x64
		{174D5B43-EB3F-4AA1-AE92-C6E6DE1CBEDC}.Debug|x64.Build.0 = Debug|x64
		{174D5B43-EB3F-4AA1-AE92-C6E6DE1CBEDC}.Debug|x86.ActiveCfg = Debug|Win32
		{174D5B43-EB3F-4AA1-AE92-C6E6DE1CBEDC}.Debug|x86.Build.0 = Debug|Win32
		{174D5B43-EB3F-4AA1-AE92-C6E6DE1CBEDC}.Release|x64.ActiveCfg = Release|x64
		{174D5B43-EB3F-4AA1-AE92-C6E6DE1CBEDC}.Release|x64.Build.0 = Release|x64
		{174D5B43-EB3F-4AA1-AE92-C6E6DE1CBEDC}.Release|x86.ActiveCfg = Release|Win32
		{174D5B43-EB3F-4AA1-AE92-C6E6DE1CBEDC}.Release|x86.Build.0 = Release|Win32
		{354A1276-1099-4FFE-B925-EF0E6A30882E}.Debug|x64.ActiveCfg = Debug|x64
		{354A1276-1099-4FFE-B925-EF0E6A30882E}.Debug|x64.Build.0 = Debug|x64
		{354A1276-1099-4FFE-B925-EF0E6A30882E}.Debug|x86.ActiveCfg = Debug|Win32
		{354A1276-1099-4FFE-B925-EF0E6A30882E}.Debug|x86.Build.0 = Debug|Win32
		{354A1276-1099-4FFE-B925-EF0E6A30882E}.Release|x64.ActiveCfg = Release|x64
		{354A1276-1099-4FFE-B925-EF0E6A30882E}.Release|x64.Build.0 = Release|x64
		{354A1276-1099-4FFE-B925-EF0E6A30882E}.Release|x86.ActiveCfg = Release|Win32
		{354A1276-1099-4FFE-B925-EF0E6A30882E}.Release|x86.Build.0 = Release|Win32
		{0A49AF8D-E4C3-41F9-ADD6-05EF89F9CF0C}.Debug|x64.ActiveCfg = Debug|x64
		{0A49AF8D-E4C3-41F9-ADD6-05EF89F9CF0C}.Debug|x64.Build.0 = Debug|x64
		{0A49AF8D-E4C3-41F9-ADD6-05EF89F9CF0C}.Debug|x86.ActiveCfg = Debug|Win32
		{0A49AF8D-E4C3-41F9-ADD6-05EF89F9CF0C}.Debug|x86.Build.0 = Debug|Win32
		{0A49AF8D-E4C3-41F9-ADD6-05EF89F9CF0C}.Release|x64.ActiveCfg = Release|x64
		{0A49AF8D-E4C3-41F9-ADD6-05EF89F9CF0C}.Release|x64.Build.0 = Release|x64
		{0A49AF8D-E4C3-41F9-ADD6-05EF89F9CF0C}.Release|x86.ActiveCfg = Release|Win32
		{0A49AF8D-E4C3-41F9-ADD6-05EF89F9CF0C}.Release|x86.Build.0 = Release|Win32
		{F02D2EE9-498A-4C57-BA59-99EB007B670D}.Debug|x64.ActiveCfg = Debug|x64
		{F02D2EE9-498A-4C57-BA59-99EB007B670D}.Debug|x64.Build.0 = Debug|x64
		{F02D2EE9-498A-4C57-BA59-99EB007B670D}.Debug|x86.ActiveCfg = Debug|Win32
		{F02D2EE9-498A-4C57-BA59-99EB007B670D}.Debug|x86.Build.0 = Debug|Win32
		{F02D2EE9-498A-4C57-BA59-99EB007B670D}.Release|x64.ActiveCfg = Release|x64
		{F02D2EE9-498A-4C57-BA59-99EB007B670D}.Release|x64.Build.0 = Release|x64
		{F02D2EE9-498A-4C57-BA59-99EB007B670D}.Release|x86.ActiveCfg = Release|Win32
		{F02D2EE9-498A-4C57-BA59-99EB007B670D}.Release|x86.Build.0 = Release|Win32
		{B7767B07-E72A-4B32-A2CA-F7E7797CBC4E}.Debug|x64.ActiveCfg = Debug|x64
		{B7767B07-E72A-4B32-A2CA-F7E7797CBC4E}.Debug|x64.Build.0 = Debug|x64
		{B7767B07-E72A-4B32-A2CA-F7E7797CBC4E}.Debug|x86.ActiveCfg = Debug|Win32
		{B7767B07-E72A-4B32-A2CA-F7E7797CBC4E}.Debug|x86.Build.0 = Debug|Win32
		{B7767B07-E72A-4B32-A2CA-F7E7797CBC4E}.Release|x64.ActiveCfg = Release|x64
		{B7767B07-E72A-4B32-A2CA-F7E7797CBC4E}.Release|x64.Build.0 = Release|x64
		{B7767B07-E72A-4B32-A2CA-F7E7797CBC4E}.Release|x86.ActiveCfg = Release|Win32
		{B7767B07-E72A-4B32-A2CA-F7E7797CBC4E}.Release|x86.Build.0 = Release|Win32
		{4211051A-40AD-4A9C-8C81-BD6C6DA14208}.Debug|x64.ActiveCfg = Debug|x64
		{4211051A-40AD-4A9C-8C81-BD6C6DA14208}.Debug|x64.Build.0 = Debug|x64
		{4211051A-40AD-4A9C-8C81-BD6C6DA14208}.Debug|x86.ActiveCfg = Debug|Win32
		{4211051A-40AD-4A9C-8C81-BD6C6DA14208}.Debug|x86.Build.0 = Debug|Win32
		{4211051A-40AD-4A9C-8C81-BD6C6DA14208}.Release|x64.ActiveCfg = Release|x64
		{4211051A-40AD-4A9C-8C81-BD6C6DA14208}.Release|x64.Build.0 = Release|x64
		{4211051A-40AD-4A9C-8C81-BD6C6DA14208}.Release|x86.ActiveCfg = Release|Win32
		{4211051A-40AD-4A9C-8C81-BD6C6DA14208}.Release|x86.Build.0 = Release|Win32
		{8ED0ABCB-B0EA-41CC-9DD6-252E0AD76E76}.Debug|x64.ActiveCfg = Debug|x64
		{8ED0ABCB-B0EA-41CC-9DD6-252E0AD76E76}.Debug|x64.Build.0 = Debug|x64
		{8ED0ABCB-B0EA-41CC-9DD6-252E0AD76E76}.Debug|x86.ActiveCfg = Debug|Win32
		{8ED0ABCB-B0EA-41CC-9DD6-252E0AD76E76}.Debug|x86.Build.0 = Debug|Win32
		{8ED0ABCB-B0EA-41CC-9DD6-252E0AD76E76}.Release|x64.ActiveCfg = Release|x64
		{8ED0ABCB-B0EA-41CC-9DD6-252E0AD76E76}.Release|x64.Build.0 = Release|x64
		{8ED0ABCB-B0EA-41CC-9DD6-252E0AD76E76}.Release|x86.ActiveCfg = Release|Win32
		{8ED0ABCB-B0EA-41CC-9DD6-252E0AD76E76}.Release|x86.Build.0 = Release|Win32
		{06493A3B-F55C-452B-9A63-508AA0B930D6}.Debug|x64.ActiveCfg = Debug|x64
		{06493A3B-F55C-452B-9A63-508AA0B930D6}.Debug|x64.Build.0 = Debug|x64
		{06493A3B-F55C-452B-9A63-508AA0B930D6}.Debug|x86.ActiveCfg = Debug|Win32
		{06493A3B-F55C-452B-9A63-508AA0B930D6}.Debug|x86.Build.0 = Debug|Win32
		{06493A3B-F55C-452B-9A63-508AA0B930D6}.Release|x64.ActiveCfg = Release|x64
		{06493A3B-F55C-452B-9A63-508AA0B930D6}.Release|x64.Build.0 = Release|x64
		{06493A3B-F55C-452B-9A63-508AA0B930D6}.Release|x86.ActiveCfg = Release|Win32
		{06493A3B-F55C-452B-9A63-508AA0B930D6}.Release|x86.Build.0 = Release|Win32
		{3E65D115-B51D-475F-B9CD-5B872544C67F}.Debug|x64.ActiveCfg = Debug|x64
		{3E65D115-B51D-475F-B9CD-5B872544C67F}.Debug|x64.Build.0 = Debug|x64
		{3E65D115-B51D-475F-B9CD-5B872544C67F}.Debug|x86.ActiveCfg = Debug|Win32
		{3E65D115-B51D-475F-B9CD-5B872544C67F}.Debug|x86.Build.0 = Debug|Win32
		{3E65D115-B51D-475F-B9CD-5B872544C67F}.Release|x64.ActiveCfg = Release|x64
		{3E65D115-B51D-475F-B9CD-5B872544C67F}.Release|x64.Build.0 = Release|x64
		{3E65D115-B51D-475F-B9CD-5B872544C67F}.Release|x86.ActiveCfg = Release|Win32
		{3E65D115-B51D-475F-B9CD-5B872544C67F}.Release|x86.Build.0 = Release|Win32
		{DE7A1B84-7176-45F2-82AB-62DB5A0132C7}.Debug|x64.ActiveCfg = Debug|x64
		{DE7A1B84-7176-45F2-82AB-62DB5A0132C7}.Debug|x64.Build.0 = Debug|x64
		{DE7A1B84-7176-45F2-82AB-62DB5A0132C7}.Debug|x86.ActiveCfg = Debug|Win32
		{DE7A1B84-7176-45F2-82AB-62DB5A0132C7}.Debug|x86.Build.0 = Debug|Win32
		{DE7A1B84-7176-45F2-82AB-62DB5A0132C7}.Release|x64.ActiveCfg = Release|x64
		{DE7A1B84-7176-45F2-82AB-62DB5A0132C7}.Release|x64.Build.0 = Release|x64
		{DE7A1B84-7176-45F2-82AB-62DB5A0132C7}.Release|x86.ActiveCfg = Release|Win32
		{DE7A1B84-7176-45F2-82AB-62DB5A0132C7}.Release|x86.Build.0 = Release|Win32
		{A091E65B-EEEC-40F9-9A08-577D340E2CBC}.Debug|x64.ActiveCfg = Debug|x64
		{A091E65B-EEEC-40F9-9A08-577D340E2CBC}.Debug|x64.Build.0 = Debug|x64
		{A091E65B-EEEC-40F9-9A08-577D340E2CBC}.Debug|x86.ActiveCfg = Debug|Win32
		{A091E65B-EEEC-40F9-9A08-577D340E2CBC}.Debug|x86.Build.0 = Debug|Win32
		{A091E65B-EEEC-40F9-9A08-577D340E2CBC}.Release|x64.ActiveCfg = Release|x64
		{A091E65B-EEEC-40F9-9A08-577D340E2CBC}.Release|x64.Build.0 = Release|x64
		{A091E65B-EEEC-40F9-9A08-577D340E2CBC}.Release|x86.ActiveCfg = Release|Win32
		{A091E65B-EEEC-40F9-9A08-577D340E2CBC}.Release|x86.Build.0 = Release|Win32
		{62D11B6D-5B2E-4F14-8D96-AE4CD8B9C55E}.Debug|x64.ActiveCfg = Debug|x64
		{62D11B6D-5B2E-4F14-8D96-AE4CD8B9C55E}.Debug|x64.Build.0 = Debug|x64
		{62D11B6D-5B2E-4F14-8D96-AE4CD8B9C55E}.Debug|x86.ActiveCfg = Debug|Win32
		{62D11B6D-5B2E-4F14-8D96-AE4CD8B9C55E}.Debug|x86.Build.0 = Debug|Win32
		{62D11B6D-5B2E-4F14-8D96-AE4CD8B9C55E}.Release|x64.ActiveCfg = Release|x64
		{62D11B6D-5B2E-4F14-8D96-AE4CD8B9C55E}.Release|x64.Build.0 = Release|x64
		{62D11B6D-5B2E-4F14-8D96-AE4CD8B9C55E}.Release|x86.ActiveCfg = Release|Win32
		{62D11B6D-5B2E-4F14-8D96-AE4CD8B9C55E}.Release|x86.Build.0 = Release|Win32
		{FA1BA2AA-00B7-4014-BAEA-70FC1ABE806C}.Debug|x64.ActiveCfg = Debug|x64
		{FA1BA2AA-00B7-4014-BAEA-70FC1ABE806C}.Debug|x64.Build.0 = Debug|x64
		{FA1BA2AA-00B7-4014-BAEA-70FC1ABE806C}.Debug|x86.ActiveCfg = Debug|Win32
		{FA1BA2AA-00B7-4014-BAEA-70FC1ABE806C}.Debug|x86.Build.0 = Debug|Win32
		{FA1BA2AA-00B7-4014-BAEA-70FC1ABE806C}.Release|x64.ActiveCfg = Release|x64
		{FA1BA2AA-00B7-4014-BAEA-70FC1ABE806C}.Release|x64.Build.0 = Release|x64
		{FA1BA2AA-00B7-4014-BAEA-70FC1ABE806C}.Release|x86.ActiveCfg = Release|Win32
		{FA1BA2AA-00B7-4014-BAEA-70FC1ABE806C}.Release|x86.Build.0 = Release|Win32
		{CDF439FF-7023-44E2-B1E1-348CA53896B6}.Debug|x64.ActiveCfg = Debug|x64
		{CDF439FF-7023-44E2-B1E1-348CA53896B6}.Debug|x64.Build.0 = Debug|x64
		{CDF439FF-7023-44E2-B1E1-348CA53896B6}.Debug|x86.ActiveCfg = Debug|Win32
		{CDF439FF-7023-44E2-B1E1-348CA53896B6}.Debug|x86.Build.0 = Debug|Win32
		{CDF439FF-7023-44E2-B1E1-348CA53896B6}.Release|x64.ActiveCfg = Release|x64
		{CDF439FF-7023-44E2-B1E1-348CA53896B6}.Release|x64.Build.0 = Release|x64
		{CDF439FF-7023-44E2-B1E1-348CA53896B6}.Release|x86.ActiveCfg = Release|Win32
		{CDF439FF-7023-44E2-B1E1-348CA53896B6}.Release|x86.Build.0 = Release|Win32
		{FB6BC4A2-CA7A-46A8-9F42-308EC3C59B2D}.Debug|x64.ActiveCfg = Debug|x64
		{FB6BC4A2-CA7A-46A8-9F42-308EC3C59B2D}.Debug|x64.Build.0 = Debug|x64
		{FB6BC4A2-CA7A-46A8-9F42-308EC3C59B2D}.Debug|x86.ActiveCfg = Debug|Win32
		{FB6BC4A2-CA7A-46A8-9F42-308EC3C59B2D}.Debug|x86.Build.0 = Debug|Win32
		{FB6BC4A2-CA7A-46A8-9F42-308EC3C59B2D}.Release|x64.ActiveCfg = Release|x64
		{FB6BC4A2-CA7A-46A8-9F42-308EC3C59B2D}.Release|x64.Build.0 = Release|x64
		{FB6BC4A2-CA7A-46A8-9F42-308EC3C59B2D}.Release|x86.ActiveCfg = Release|Win32
		{FB6BC4A2-CA7A-46A8-9F42-308EC3C59B2D}.Release|x86.Build.0 = Release|Win32
		{B8C22252-447E-4EB6-A189-8D2E77EDAAC4}.Debug|x64.ActiveCfg = Debug|x64
		{B8C22252-447E-4EB6-A189-8D2E77EDAAC4}.Debug|x64.Build.0 = Debug|x64
		{B8C22252-447E-4EB6-A189-8D2E77EDAAC4}.Debug|x86.ActiveCfg = Debug|Win32
		{B8C22252-447E-4EB6-A189-8D2E77EDAAC4}.Debug|x86.Build.0 = Debug|Win32
		{B8C22252-447E-4EB6-A189-8D2E77EDAAC4}.Release|x64.ActiveCfg = Release|x64
		{B8C22252-447E-4EB6-A189-8D2E77EDAAC4}.Release|x64.Build.0 = Release|x64
		{B8C22252-447E-4EB6-A189-8D2E77EDAAC4}.Release|x86.ActiveCfg = Release|Win32
		{B8C22252-447E-4EB6-A189-8D2E77EDAAC4}.Release|x86.Build.0 = Release|Win32
		{91476084-40B7-4A67-9C37-E6CA29177FEC}.Debug|x64.ActiveCfg = Debug|x64
		{91476084-40B7-4A67-9C37-E6CA29177FEC}.Debug|x64.Build.0 = Debug|x64
		{91476084-40B7-4A67-9C37-E6CA29177FEC}.Debug|x86.ActiveCfg = Debug|Win32
		{91476084-40B7-4A67-9C37-E6CA29177FEC}.Debug|x86.Build.0 = Debug|Win32
		{91476084-40B7-4A67-9C37-E6CA29177FEC}.Release|x64.ActiveCfg = Release|x64
		{91476084-40B7-4A67-9C37-E6CA29177FEC}.Release|x64.Build.0 = Release|x64
		{91476084-40B7-4A67-9C37-E6CA29177FEC}.Release|x86.ActiveCfg = Release|Win32
		{91476084-40B7-4A67-9C37-E6CA29177FEC}.Release|x86.Build.0 = Release|Win32
		{8B21DAEB-E25D-4146-BE64-162AC66D6442}.Debug|x64.ActiveCfg = Debug|x64
		{8B21DAEB-E25D-4146-BE64-162AC66D6442}.Debug|x64.Build.0 = Debug|x64
		{8B21DAEB-E25D-4146-BE64-162AC66D6442}.Debug|x86.ActiveCfg = Debug|Win32
		{8B21DAEB-E25D-4146-BE64-162AC66D6442}.Debug|x86.Build.0 = Debug|Win32
		{8B21DAEB-E25D-4146-BE64-162AC66D6442}.Release|x64.ActiveCfg = Release|x64
		{8B21DAEB-E25D-4146-BE64-162AC66D6442}.Release|x64.Build.0 = Release|x64
		{8B21DAEB-E25D-4146-BE64-162AC66D6442}.Release|x86.ActiveCfg = Release|Win32
		{8B21DAEB-E25D-4146-BE64-162AC66D6442}.Release|x86.Build.0 = Release|Win32
		{F652BA56-F0E1-47F6-B37F-4EB2618C9728}.Debug|x64.ActiveCfg = Debug|x64
		{F652BA56-F0E1-47F6-B37F-4EB2618C9728}.Debug|x64.Build.0 = Debug|x64
		{F652BA56-F0E1-47F6-B37F-4EB2618C9728}.Debug|x86.ActiveCfg = Debug|Win32
		{F652BA56-F0E1-47F6-B37F-4EB2618C9728}.Debug|x86.Build.0 = Debug|Win32
		{F652BA56-F0E1-47F6-B37F-4EB2618C9728}.Release|x64.ActiveCfg = Release|x64
		{F652BA56-F0E1-47F6-B37F-4EB2618C9728}.Release|x64.Build.0 = Release|x64
		{F652BA56-F0E1-47F6-B37F-4EB2618C9728}.Release|x86.ActiveCfg = Release|Win32
		{F652BA56-F0E1-47F6-B37F-4EB2618C9728}.Release|x86.Build.0 = Release|Win32
		{981E9BF3-7056-4B0D-B097-ACD6B62DF8E1}.Debug|x64.ActiveCfg = Debug|x64
		{981E9BF3-7056-4B0D-B097-ACD6B62DF8E1}.Debug|x64.Build.0 = Debug|x64
		{981E9BF3-7056-4B0D-B097-ACD6B62DF8E1}.Debug|x86.ActiveCfg = Debug|Win32
		{981E9BF3-7056-4B0D-B097-ACD6B62DF8E1}.Debug|x86.Build.0 = Debug|Win32
		{981E9BF3-7056-4B0D-B097-ACD6B62DF8E1}.Release|x64.ActiveCfg = Release|x64
		{981E9BF3-7056-4B0D-B097-ACD6B62DF8E1}.Release|x64.Build.0 = Release|x64
		{981E9BF3-7056-4B0D-B097-ACD6B62DF8E1}.Release|x86.ActiveCfg = Release|Win32
		{981E9BF3-7056-4B0D-B097-ACD6B62DF8E1}.Release|x86.Build.0 = Release|Win32
		{0DB99D2B-94B5-4094-AA23-81D2C11EA779}.Debug|x64.ActiveCfg = Debug|x64
		{0DB99D2B-94B5-4094-AA23-81D2C11EA779}.Debug|x64.Build.0 = Debug|x64
		{0DB99D2B-94B5-4094-AA23-81D2C11EA779}.Debug|x86.ActiveCfg = Debug|Win32
		{0DB99D2B-94B5-4094-AA23-81D2C11EA779}.Debug|x86.Build.0 = Debug|Win32
		{0DB99D2B-94B5-4094-AA23-81D2C11EA779}.Release|x64.ActiveCfg = Release|x64
		{0DB99D2B-94B5-4094-AA23-81D2C11EA779}.Release|x64.Build.0 = Release|x64
		{0DB99D2B-94B5-4094-AA23-81D2C11EA779}.Release|x86.ActiveCfg = Release|Win32
		{0DB99D2B-94B5-4094-AA23-81D2C11EA779}.Release|x86.Build.0 = Release|Win32
		{ADED465D-3334-46E2-87E2-5B1B7B3F36ED}.Debug|x64.ActiveCfg = Debug|x64
		{ADED465D-3334-46E2-87E2-5B1B7B3F36ED}.Debug|x64.Build.0 = Debug|x64
		{ADED465D-3334-46E2-87E2-5B1B7B3F36ED}.Debug|x86.ActiveCfg = Debug|Win32
		{ADED465D-3334-46E2-87E2-5B1B7B3F36ED}.Debug|x86.Build.0 = Debug|Win32
		{ADED465D-3334-46E2-87E2-5B1B7B3F36ED}.Release|x64.ActiveCfg = Release|x64
		{ADED465D-3334-46E2-87E2-5B1B7B3F36ED}.Release|x64.Build.0 = Release|x64
		{ADED465D-3334-46E2-87E2-5B1B7B3F36ED}.Release|x86.ActiveCfg = Release|Win32
		{ADED465D-3334-46E2-87E2-5B1B7B3F36ED}.Release|x86.Build.0 = Release|Win32
	EndGlobalSection
	GlobalSection(SolutionProperties) = preSolution
		HideSolutionNode = FALSE
	EndGlobalSection
EndGlobal
